
Microsoft Visual Studio Solution File, Format Version 11.00
# Visual Studio 2010
# SharpDevelop 5.1
Project("{FAE04EC0-301F-11D3-BF4B-00C04F79EFBC}") = "C#mpilador", "C#mpilador\C#mpilador.csproj", "{3E6F9EBD-7ABE-46D2-800F-680371DE08BB}"
EndProject
Global
	GlobalSection(SolutionConfigurationPlatforms) = preSolution
		Debug|Any CPU = Debug|Any CPU
		Release|Any CPU = Release|Any CPU
	EndGlobalSection
	GlobalSection(ProjectConfigurationPlatforms) = postSolution
		{3E6F9EBD-7ABE-46D2-800F-680371DE08BB}.Debug|Any CPU.ActiveCfg = Debug|Any CPU
		{3E6F9EBD-7ABE-46D2-800F-680371DE08BB}.Debug|Any CPU.Build.0 = Debug|Any CPU
		{3E6F9EBD-7ABE-46D2-800F-680371DE08BB}.Release|Any CPU.ActiveCfg = Release|Any CPU
		{3E6F9EBD-7ABE-46D2-800F-680371DE08BB}.Release|Any CPU.Build.0 = Release|Any CPU
	EndGlobalSection
EndGlobal
